
Microsoft Visual Studio Solution File, Format Version 12.00
# Visual Studio Version 16
VisualStudioVersion = 16.0.31005.135
MinimumVisualStudioVersion = 10.0.40219.1
Project("{FAE04EC0-301F-11D3-BF4B-00C04F79EFBC}") = "RestApiCrudDemo", "RestApiCrudDemo\RestApiCrudDemo.csproj", "{43450F7F-D037-4F51-802F-EFFBB18DD556}"
EndProject
Global
	GlobalSection(SolutionConfigurationPlatforms) = preSolution
		Debug|Any CPU = Debug|Any CPU
		Release|Any CPU = Release|Any CPU
	EndGlobalSection
	GlobalSection(ProjectConfigurationPlatforms) = postSolution
		{43450F7F-D037-4F51-802F-EFFBB18DD556}.Debug|Any CPU.ActiveCfg = Debug|Any CPU
		{43450F7F-D037-4F51-802F-EFFBB18DD556}.Debug|Any CPU.Build.0 = Debug|Any CPU
		{43450F7F-D037-4F51-802F-EFFBB18DD556}.Release|Any CPU.ActiveCfg = Release|Any CPU
		{43450F7F-D037-4F51-802F-EFFBB18DD556}.Release|Any CPU.Build.0 = Release|Any CPU
	EndGlobalSection
	GlobalSection(SolutionProperties) = preSolution
		HideSolutionNode = FALSE
	EndGlobalSection
	GlobalSection(ExtensibilityGlobals) = postSolution
		SolutionGuid = {ECA20973-53AB-470E-8B57-0E36E02151B7}
	EndGlobalSection
EndGlobal
